
Microsoft Visual Studio Solution File, Format Version 12.00
# Visual Studio Version 16
VisualStudioVersion = 16.0.32002.261
MinimumVisualStudioVersion = 10.0.40219.1
Project("{FAE04EC0-301F-11D3-BF4B-00C04F79EFBC}") = "CSharp-OperadoresLogicos-ConstantesEVariaveis-Push04", "CSharp-OperadoresLogicos-ConstantesEVariaveis-Push04\CSharp-OperadoresLogicos-ConstantesEVariaveis-Push04.csproj", "{9502E21C-5B20-4A71-A034-E4D9277FD6A6}"
EndProject
Global
	GlobalSection(SolutionConfigurationPlatforms) = preSolution
		Debug|Any CPU = Debug|Any CPU
		Release|Any CPU = Release|Any CPU
	EndGlobalSection
	GlobalSection(ProjectConfigurationPlatforms) = postSolution
		{9502E21C-5B20-4A71-A034-E4D9277FD6A6}.Debug|Any CPU.ActiveCfg = Debug|Any CPU
		{9502E21C-5B20-4A71-A034-E4D9277FD6A6}.Debug|Any CPU.Build.0 = Debug|Any CPU
		{9502E21C-5B20-4A71-A034-E4D9277FD6A6}.Release|Any CPU.ActiveCfg = Release|Any CPU
		{9502E21C-5B20-4A71-A034-E4D9277FD6A6}.Release|Any CPU.Build.0 = Release|Any CPU
	EndGlobalSection
	GlobalSection(SolutionProperties) = preSolution
		HideSolutionNode = FALSE
	EndGlobalSection
	GlobalSection(ExtensibilityGlobals) = postSolution
		SolutionGuid = {C9D73D30-8EBC-42D0-8312-F23606E05BAC}
	EndGlobalSection
EndGlobal
